# This file is automatically @generated by Poetry 1.8.3 and should not be changed by hand.

[[package]]
name = "attrs"
version = "24.2.0"
description = "Classes Without Boilerplate"
optional = false
python-versions = ">=3.7"
files = [
    {file = "attrs-24.2.0-py3-none-any.whl", hash = "sha256:81921eb96de3191c8258c199618104dd27ac608d9366f5e35d011eae1867ede2"},
    {file = "attrs-24.2.0.tar.gz", hash = "sha256:5cfb1b9148b5b086569baec03f20d7b6bf3bcacc9a42bebf87ffaaca362f6346"},
]

[package.extras]
benchmark = ["cloudpickle", "hypothesis", "mypy (>=1.11.1)", "pympler", "pytest (>=4.3.0)", "pytest-codspeed", "pytest-mypy-plugins", "pytest-xdist[psutil]"]
cov = ["cloudpickle", "coverage[toml] (>=5.3)", "hypothesis", "mypy (>=1.11.1)", "pympler", "pytest (>=4.3.0)", "pytest-mypy-plugins", "pytest-xdist[psutil]"]
dev = ["cloudpickle", "hypothesis", "mypy (>=1.11.1)", "pre-commit", "pympler", "pytest (>=4.3.0)", "pytest-mypy-plugins", "pytest-xdist[psutil]"]
docs = ["cogapp", "furo", "myst-parser", "sphinx", "sphinx-notfound-page", "sphinxcontrib-towncrier", "towncrier (<24.7)"]
tests = ["cloudpickle", "hypothesis", "mypy (>=1.11.1)", "pympler", "pytest (>=4.3.0)", "pytest-mypy-plugins", "pytest-xdist[psutil]"]
tests-mypy = ["mypy (>=1.11.1)", "pytest-mypy-plugins"]

[[package]]
name = "automat"
version = "22.10.0"
description = "Self-service finite-state machines for the programmer on the go."
optional = false
python-versions = "*"
files = [
    {file = "Automat-22.10.0-py2.py3-none-any.whl", hash = "sha256:c3164f8742b9dc440f3682482d32aaff7bb53f71740dd018533f9de286b64180"},
    {file = "Automat-22.10.0.tar.gz", hash = "sha256:e56beb84edad19dcc11d30e8d9b895f75deeb5ef5e96b84a467066b3b84bb04e"},
]

[package.dependencies]
attrs = ">=19.2.0"
six = "*"

[package.extras]
visualize = ["Twisted (>=16.1.1)", "graphviz (>0.5.1)"]

[[package]]
name = "constantly"
version = "23.10.4"
description = "Symbolic constants in Python"
optional = false
python-versions = ">=3.8"
files = [
    {file = "constantly-23.10.4-py3-none-any.whl", hash = "sha256:3fd9b4d1c3dc1ec9757f3c52aef7e53ad9323dbe39f51dfd4c43853b68dfa3f9"},
    {file = "constantly-23.10.4.tar.gz", hash = "sha256:aa92b70a33e2ac0bb33cd745eb61776594dc48764b06c35e0efd050b7f1c7cbd"},
]

[[package]]
name = "hyperlink"
version = "21.0.0"
description = "A featureful, immutable, and correct URL for Python."
optional = false
python-versions = ">=2.6, !=3.0.*, !=3.1.*, !=3.2.*, !=3.3.*"
files = [
    {file = "hyperlink-21.0.0-py2.py3-none-any.whl", hash = "sha256:e6b14c37ecb73e89c77d78cdb4c2cc8f3fb59a885c5b3f819ff4ed80f25af1b4"},
    {file = "hyperlink-21.0.0.tar.gz", hash = "sha256:427af957daa58bc909471c6c40f74c5450fa123dd093fc53efd2e91d2705a56b"},
]

[package.dependencies]
idna = ">=2.5"

[[package]]
name = "idna"
version = "3.7"
description = "Internationalized Domain Names in Applications (IDNA)"
optional = false
python-versions = ">=3.5"
files = [
    {file = "idna-3.7-py3-none-any.whl", hash = "sha256:82fee1fc78add43492d3a1898bfa6d8a904cc97d8427f683ed8e798d07761aa0"},
    {file = "idna-3.7.tar.gz", hash = "sha256:028ff3aadf0609c1fd278d8ea3089299412a7a8b9bd005dd08b9f8285bcb5cfc"},
]

[[package]]
name = "incremental"
version = "24.7.2"
description = "A small library that versions your Python projects."
optional = false
python-versions = ">=3.8"
files = [
    {file = "incremental-24.7.2-py3-none-any.whl", hash = "sha256:8cb2c3431530bec48ad70513931a760f446ad6c25e8333ca5d95e24b0ed7b8fe"},
    {file = "incremental-24.7.2.tar.gz", hash = "sha256:fb4f1d47ee60efe87d4f6f0ebb5f70b9760db2b2574c59c8e8912be4ebd464c9"},
]

[package.dependencies]
setuptools = ">=61.0"

[package.extras]
scripts = ["click (>=6.0)"]

[[package]]
name = "setuptools"
version = "72.2.0"
description = "Easily download, build, install, upgrade, and uninstall Python packages"
optional = false
python-versions = ">=3.8"
files = [
    {file = "setuptools-72.2.0-py3-none-any.whl", hash = "sha256:f11dd94b7bae3a156a95ec151f24e4637fb4fa19c878e4d191bfb8b2d82728c4"},
    {file = "setuptools-72.2.0.tar.gz", hash = "sha256:80aacbf633704e9c8bfa1d99fa5dd4dc59573efcf9e4042c13d3bcef91ac2ef9"},
]

[package.extras]
core = ["importlib-metadata (>=6)", "importlib-resources (>=5.10.2)", "jaraco.text (>=3.7)", "more-itertools (>=8.8)", "ordered-set (>=3.1.1)", "packaging (>=24)", "platformdirs (>=2.6.2)", "tomli (>=2.0.1)", "wheel (>=0.43.0)"]
doc = ["furo", "jaraco.packaging (>=9.3)", "jaraco.tidelift (>=1.4)", "pygments-github-lexers (==0.0.5)", "pyproject-hooks (!=1.1)", "rst.linker (>=1.9)", "sphinx (>=3.5)", "sphinx-favicon", "sphinx-inline-tabs", "sphinx-lint", "sphinx-notfound-page (>=1,<2)", "sphinx-reredirects", "sphinxcontrib-towncrier", "towncrier (<24.7)"]
test = ["build[virtualenv] (>=1.0.3)", "filelock (>=3.4.0)", "importlib-metadata", "ini2toml[lite] (>=0.14)", "jaraco.develop (>=7.21)", "jaraco.envs (>=2.2)", "jaraco.path (>=3.2.0)", "jaraco.test", "mypy (==1.11.*)", "packaging (>=23.2)", "pip (>=19.1)", "pyproject-hooks (!=1.1)", "pytest (>=6,!=8.1.*)", "pytest-checkdocs (>=2.4)", "pytest-cov", "pytest-enabler (>=2.2)", "pytest-home (>=0.5)", "pytest-mypy", "pytest-perf", "pytest-ruff (<0.4)", "pytest-ruff (>=0.2.1)", "pytest-ruff (>=0.3.2)", "pytest-subprocess", "pytest-timeout", "pytest-xdist (>=3)", "tomli", "tomli-w (>=1.0.0)", "virtualenv (>=13.0.0)", "wheel"]

[[package]]
name = "six"
version = "1.16.0"
description = "Python 2 and 3 compatibility utilities"
optional = false
python-versions = ">=2.7, !=3.0.*, !=3.1.*, !=3.2.*"
files = [
    {file = "six-1.16.0-py2.py3-none-any.whl", hash = "sha256:8abb2f1d86890a2dfb989f9a77cfcfd3e47c2a354b01111771326f8aa26e0254"},
    {file = "six-1.16.0.tar.gz", hash = "sha256:1e61c37477a1626458e36f7b1d82aa5c9b094fa4802892072e49de9c60c4c926"},
]

[[package]]
name = "twisted"
version = "24.7.0"
description = "An asynchronous networking framework written in Python"
optional = false
python-versions = ">=3.8.0"
files = [
    {file = "twisted-24.7.0-py3-none-any.whl", hash = "sha256:734832ef98108136e222b5230075b1079dad8a3fc5637319615619a7725b0c81"},
    {file = "twisted-24.7.0.tar.gz", hash = "sha256:5a60147f044187a127ec7da96d170d49bcce50c6fd36f594e60f4587eff4d394"},
]

[package.dependencies]
attrs = ">=21.3.0"
automat = ">=0.8.0"
constantly = ">=15.1"
hyperlink = ">=17.1.1"
incremental = ">=24.7.0"
typing-extensions = ">=4.2.0"
zope-interface = ">=5"

[package.extras]
all-non-platform = ["appdirs (>=1.4.0)", "appdirs (>=1.4.0)", "bcrypt (>=3.1.3)", "bcrypt (>=3.1.3)", "cryptography (>=3.3)", "cryptography (>=3.3)", "cython-test-exception-raiser (>=1.0.2,<2)", "cython-test-exception-raiser (>=1.0.2,<2)", "h2 (>=3.0,<5.0)", "h2 (>=3.0,<5.0)", "hypothesis (>=6.56)", "hypothesis (>=6.56)", "idna (>=2.4)", "idna (>=2.4)", "priority (>=1.1.0,<2.0)", "priority (>=1.1.0,<2.0)", "pyhamcrest (>=2)", "pyhamcrest (>=2)", "pyopenssl (>=21.0.0)", "pyopenssl (>=21.0.0)", "pyserial (>=3.0)", "pyserial (>=3.0)", "pywin32 (!=226)", "pywin32 (!=226)", "service-identity (>=18.1.0)", "service-identity (>=18.1.0)"]
conch = ["appdirs (>=1.4.0)", "bcrypt (>=3.1.3)", "cryptography (>=3.3)"]
dev = ["coverage (>=7.5,<8.0)", "cython-test-exception-raiser (>=1.0.2,<2)", "hypothesis (>=6.56)", "pydoctor (>=23.9.0,<23.10.0)", "pyflakes (>=2.2,<3.0)", "pyhamcrest (>=2)", "python-subunit (>=1.4,<2.0)", "sphinx (>=6,<7)", "sphinx-rtd-theme (>=1.3,<2.0)", "towncrier (>=23.6,<24.0)", "twistedchecker (>=0.7,<1.0)"]
dev-release = ["pydoctor (>=23.9.0,<23.10.0)", "pydoctor (>=23.9.0,<23.10.0)", "sphinx (>=6,<7)", "sphinx (>=6,<7)", "sphinx-rtd-theme (>=1.3,<2.0)", "sphinx-rtd-theme (>=1.3,<2.0)", "towncrier (>=23.6,<24.0)", "towncrier (>=23.6,<24.0)"]
gtk-platform = ["appdirs (>=1.4.0)", "appdirs (>=1.4.0)", "bcrypt (>=3.1.3)", "bcrypt (>=3.1.3)", "cryptography (>=3.3)", "cryptography (>=3.3)", "cython-test-exception-raiser (>=1.0.2,<2)", "cython-test-exception-raiser (>=1.0.2,<2)", "h2 (>=3.0,<5.0)", "h2 (>=3.0,<5.0)", "hypothesis (>=6.56)", "hypothesis (>=6.56)", "idna (>=2.4)", "idna (>=2.4)", "priority (>=1.1.0,<2.0)", "priority (>=1.1.0,<2.0)", "pygobject", "pygobject", "pyhamcrest (>=2)", "pyhamcrest (>=2)", "pyopenssl (>=21.0.0)", "pyopenssl (>=21.0.0)", "pyserial (>=3.0)", "pyserial (>=3.0)", "pywin32 (!=226)", "pywin32 (!=226)", "service-identity (>=18.1.0)", "service-identity (>=18.1.0)"]
http2 = ["h2 (>=3.0,<5.0)", "priority (>=1.1.0,<2.0)"]
macos-platform = ["appdirs (>=1.4.0)", "appdirs (>=1.4.0)", "bcrypt (>=3.1.3)", "bcrypt (>=3.1.3)", "cryptography (>=3.3)", "cryptography (>=3.3)", "cython-test-exception-raiser (>=1.0.2,<2)", "cython-test-exception-raiser (>=1.0.2,<2)", "h2 (>=3.0,<5.0)", "h2 (>=3.0,<5.0)", "hypothesis (>=6.56)", "hypothesis (>=6.56)", "idna (>=2.4)", "idna (>=2.4)", "priority (>=1.1.0,<2.0)", "priority (>=1.1.0,<2.0)", "pyhamcrest (>=2)", "pyhamcrest (>=2)", "pyobjc-core", "pyobjc-core", "pyobjc-framework-cfnetwork", "pyobjc-framework-cfnetwork", "pyobjc-framework-cocoa", "pyobjc-framework-cocoa", "pyopenssl (>=21.0.0)", "pyopenssl (>=21.0.0)", "pyserial (>=3.0)", "pyserial (>=3.0)", "pywin32 (!=226)", "pywin32 (!=226)", "service-identity (>=18.1.0)", "service-identity (>=18.1.0)"]
mypy = ["appdirs (>=1.4.0)", "bcrypt (>=3.1.3)", "coverage (>=7.5,<8.0)", "cryptography (>=3.3)", "cython-test-exception-raiser (>=1.0.2,<2)", "h2 (>=3.0,<5.0)", "hypothesis (>=6.56)", "idna (>=2.4)", "mypy (>=1.8,<2.0)", "mypy-zope (>=1.0.3,<1.1.0)", "priority (>=1.1.0,<2.0)", "pydoctor (>=23.9.0,<23.10.0)", "pyflakes (>=2.2,<3.0)", "pyhamcrest (>=2)", "pyopenssl (>=21.0.0)", "pyserial (>=3.0)", "python-subunit (>=1.4,<2.0)", "pywin32 (!=226)", "service-identity (>=18.1.0)", "sphinx (>=6,<7)", "sphinx-rtd-theme (>=1.3,<2.0)", "towncrier (>=23.6,<24.0)", "twistedchecker (>=0.7,<1.0)", "types-pyopenssl", "types-setuptools"]
osx-platform = ["appdirs (>=1.4.0)", "appdirs (>=1.4.0)", "bcrypt (>=3.1.3)", "bcrypt (>=3.1.3)", "cryptography (>=3.3)", "cryptography (>=3.3)", "cython-test-exception-raiser (>=1.0.2,<2)", "cython-test-exception-raiser (>=1.0.2,<2)", "h2 (>=3.0,<5.0)", "h2 (>=3.0,<5.0)", "hypothesis (>=6.56)", "hypothesis (>=6.56)", "idna (>=2.4)", "idna (>=2.4)", "priority (>=1.1.0,<2.0)", "priority (>=1.1.0,<2.0)", "pyhamcrest (>=2)", "pyhamcrest (>=2)", "pyobjc-core", "pyobjc-core", "pyobjc-framework-cfnetwork", "pyobjc-framework-cfnetwork", "pyobjc-framework-cocoa", "pyobjc-framework-cocoa", "pyopenssl (>=21.0.0)", "pyopenssl (>=21.0.0)", "pyserial (>=3.0)", "pyserial (>=3.0)", "pywin32 (!=226)", "pywin32 (!=226)", "service-identity (>=18.1.0)", "service-identity (>=18.1.0)"]
serial = ["pyserial (>=3.0)", "pywin32 (!=226)"]
test = ["cython-test-exception-raiser (>=1.0.2,<2)", "hypothesis (>=6.56)", "pyhamcrest (>=2)"]
tls = ["idna (>=2.4)", "pyopenssl (>=21.0.0)", "service-identity (>=18.1.0)"]
windows-platform = ["appdirs (>=1.4.0)", "appdirs (>=1.4.0)", "bcrypt (>=3.1.3)", "bcrypt (>=3.1.3)", "cryptography (>=3.3)", "cryptography (>=3.3)", "cython-test-exception-raiser (>=1.0.2,<2)", "cython-test-exception-raiser (>=1.0.2,<2)", "h2 (>=3.0,<5.0)", "h2 (>=3.0,<5.0)", "hypothesis (>=6.56)", "hypothesis (>=6.56)", "idna (>=2.4)", "idna (>=2.4)", "priority (>=1.1.0,<2.0)", "priority (>=1.1.0,<2.0)", "pyhamcrest (>=2)", "pyhamcrest (>=2)", "pyopenssl (>=21.0.0)", "pyopenssl (>=21.0.0)", "pyserial (>=3.0)", "pyserial (>=3.0)", "pywin32 (!=226)", "pywin32 (!=226)", "pywin32 (!=226)", "pywin32 (!=226)", "service-identity (>=18.1.0)", "service-identity (>=18.1.0)", "twisted-iocpsupport (>=1.0.2)", "twisted-iocpsupport (>=1.0.2)"]

[[package]]
name = "typing-extensions"
version = "4.12.2"
description = "Backported and Experimental Type Hints for Python 3.8+"
optional = false
python-versions = ">=3.8"
files = [
    {file = "typing_extensions-4.12.2-py3-none-any.whl", hash = "sha256:04e5ca0351e0f3f85c6853954072df659d0d13fac324d0072316b67d7794700d"},
    {file = "typing_extensions-4.12.2.tar.gz", hash = "sha256:1a7ead55c7e559dd4dee8856e3a88b41225abfe1ce8df57b7c13915fe121ffb8"},
]

[[package]]
name = "zope-interface"
version = "7.0.1"
description = "Interfaces for Python"
optional = false
python-versions = ">=3.8"
files = [
    {file = "zope.interface-7.0.1-cp310-cp310-macosx_10_9_x86_64.whl", hash = "sha256:ec4e87e6fdc511a535254daa122c20e11959ce043b4e3425494b237692a34f1c"},
    {file = "zope.interface-7.0.1-cp310-cp310-macosx_11_0_arm64.whl", hash = "sha256:51d5713e8e38f2d3ec26e0dfdca398ed0c20abda2eb49ffc15a15a23eb8e5f6d"},
    {file = "zope.interface-7.0.1-cp310-cp310-manylinux_2_17_aarch64.manylinux2014_aarch64.whl", hash = "sha256:ea8d51e5eb29e57d34744369cd08267637aa5a0fefc9b5d33775ab7ff2ebf2e3"},
    {file = "zope.interface-7.0.1-cp310-cp310-manylinux_2_5_i686.manylinux1_i686.manylinux_2_17_i686.manylinux2014_i686.whl", hash = "sha256:55bbcc74dc0c7ab489c315c28b61d7a1d03cf938cc99cc58092eb065f120c3a5"},
    {file = "zope.interface-7.0.1-cp310-cp310-manylinux_2_5_x86_64.manylinux1_x86_64.manylinux_2_17_x86_64.manylinux2014_x86_64.whl", hash = "sha256:10ebac566dd0cec66f942dc759d46a994a2b3ba7179420f0e2130f88f8a5f400"},
    {file = "zope.interface-7.0.1-cp310-cp310-win_amd64.whl", hash = "sha256:7039e624bcb820f77cc2ff3d1adcce531932990eee16121077eb51d9c76b6c14"},
    {file = "zope.interface-7.0.1-cp311-cp311-macosx_10_9_x86_64.whl", hash = "sha256:03bd5c0db82237bbc47833a8b25f1cc090646e212f86b601903d79d7e6b37031"},
    {file = "zope.interface-7.0.1-cp311-cp311-macosx_11_0_arm64.whl", hash = "sha256:3f52050c6a10d4a039ec6f2c58e5b3ade5cc570d16cf9d102711e6b8413c90e6"},
    {file = "zope.interface-7.0.1-cp311-cp311-manylinux_2_17_aarch64.manylinux2014_aarch64.whl", hash = "sha256:af0b33f04677b57843d529b9257a475d2865403300b48c67654c40abac2f9f24"},
    {file = "zope.interface-7.0.1-cp311-cp311-manylinux_2_5_i686.manylinux1_i686.manylinux_2_17_i686.manylinux2014_i686.whl", hash = "sha256:696c2a381fc7876b3056711717dba5eddd07c2c9e5ccd50da54029a1293b6e43"},
    {file = "zope.interface-7.0.1-cp311-cp311-manylinux_2_5_x86_64.manylinux1_x86_64.manylinux_2_17_x86_64.manylinux2014_x86_64.whl", hash = "sha256:f89a420cf5a6f2aa7849dd59e1ff0e477f562d97cf8d6a1ee03461e1eec39887"},
    {file = "zope.interface-7.0.1-cp311-cp311-win_amd64.whl", hash = "sha256:b59deb0ddc7b431e41d720c00f99d68b52cb9bd1d5605a085dc18f502fe9c47f"},
    {file = "zope.interface-7.0.1-cp312-cp312-macosx_10_9_x86_64.whl", hash = "sha256:52f5253cca1b35eaeefa51abd366b87f48f8714097c99b131ba61f3fdbbb58e7"},
    {file = "zope.interface-7.0.1-cp312-cp312-macosx_11_0_arm64.whl", hash = "sha256:88d108d004e0df25224de77ce349a7e73494ea2cb194031f7c9687e68a88ec9b"},
    {file = "zope.interface-7.0.1-cp312-cp312-manylinux_2_17_aarch64.manylinux2014_aarch64.whl", hash = "sha256:c203d82069ba31e1f3bc7ba530b2461ec86366cd4bfc9b95ec6ce58b1b559c34"},
    {file = "zope.interface-7.0.1-cp312-cp312-manylinux_2_5_i686.manylinux1_i686.manylinux_2_17_i686.manylinux2014_i686.whl", hash = "sha256:3f3495462bc0438b76536a0e10d765b168ae636092082531b88340dc40dcd118"},
    {file = "zope.interface-7.0.1-cp312-cp312-manylinux_2_5_x86_64.manylinux1_x86_64.manylinux_2_17_x86_64.manylinux2014_x86_64.whl", hash = "sha256:192b7a792e3145ed880ff6b1a206fdb783697cfdb4915083bfca7065ec845e60"},
    {file = "zope.interface-7.0.1-cp312-cp312-win_amd64.whl", hash = "sha256:400d06c9ec8dbcc96f56e79376297e7be07a315605c9a2208720da263d44d76f"},
    {file = "zope.interface-7.0.1-cp313-cp313-manylinux_2_17_aarch64.manylinux2014_aarch64.whl", hash = "sha256:8c1dff87b30fd150c61367d0e2cdc49bb55f8b9fd2a303560bbc24b951573ae1"},
    {file = "zope.interface-7.0.1-cp313-cp313-manylinux_2_5_i686.manylinux1_i686.manylinux_2_17_i686.manylinux2014_i686.whl", hash = "sha256:f749ca804648d00eda62fe1098f229b082dfca930d8bad8386e572a6eafa7525"},
    {file = "zope.interface-7.0.1-cp313-cp313-manylinux_2_5_x86_64.manylinux1_x86_64.manylinux_2_17_x86_64.manylinux2014_x86_64.whl", hash = "sha256:4ec212037becf6d2f705b7ed4538d56980b1e7bba237df0d8995cbbed29961dc"},
    {file = "zope.interface-7.0.1-cp38-cp38-macosx_10_9_x86_64.whl", hash = "sha256:d33cb526efdc235a2531433fc1287fcb80d807d5b401f9b801b78bf22df560dd"},
    {file = "zope.interface-7.0.1-cp38-cp38-macosx_11_0_arm64.whl", hash = "sha256:b419f2144e1762ab845f20316f1df36b15431f2622ebae8a6d5f7e8e712b413c"},
    {file = "zope.interface-7.0.1-cp38-cp38-manylinux_2_17_aarch64.manylinux2014_aarch64.whl", hash = "sha256:03f1452d5d1f279184d5bdb663a3dc39902d9320eceb63276240791e849054b6"},
    {file = "zope.interface-7.0.1-cp38-cp38-manylinux_2_5_i686.manylinux1_i686.manylinux_2_17_i686.manylinux2014_i686.whl", hash = "sha256:6ba4b3638d014918b918aa90a9c8370bd74a03abf8fcf9deb353b3a461a59a84"},
    {file = "zope.interface-7.0.1-cp38-cp38-manylinux_2_5_x86_64.manylinux1_x86_64.manylinux_2_17_x86_64.manylinux2014_x86_64.whl", hash = "sha256:bc0615351221926a36a0fbcb2520fb52e0b23e8c22a43754d9cb8f21358c33c0"},
    {file = "zope.interface-7.0.1-cp38-cp38-win_amd64.whl", hash = "sha256:ce6cbb852fb8f2f9bb7b9cdca44e2e37bce783b5f4c167ff82cb5f5128163c8f"},
    {file = "zope.interface-7.0.1-cp39-cp39-macosx_10_9_x86_64.whl", hash = "sha256:5566fd9271c89ad03d81b0831c37d46ae5e2ed211122c998637130159a120cf1"},
    {file = "zope.interface-7.0.1-cp39-cp39-macosx_11_0_arm64.whl", hash = "sha256:da0cef4d7e3f19c3bd1d71658d6900321af0492fee36ec01b550a10924cffb9c"},
    {file = "zope.interface-7.0.1-cp39-cp39-manylinux_2_17_aarch64.manylinux2014_aarch64.whl", hash = "sha256:f32ca483e6ade23c7caaee9d5ee5d550cf4146e9b68d2fb6c68bac183aa41c37"},
    {file = "zope.interface-7.0.1-cp39-cp39-manylinux_2_5_i686.manylinux1_i686.manylinux_2_17_i686.manylinux2014_i686.whl", hash = "sha256:da21e7eec49252df34d426c2ee9cf0361c923026d37c24728b0fa4cc0599fd03"},
    {file = "zope.interface-7.0.1-cp39-cp39-manylinux_2_5_x86_64.manylinux1_x86_64.manylinux_2_17_x86_64.manylinux2014_x86_64.whl", hash = "sha256:9a8195b99e650e6f329ce4e5eb22d448bdfef0406404080812bc96e2a05674cb"},
    {file = "zope.interface-7.0.1-cp39-cp39-win_amd64.whl", hash = "sha256:19c829d52e921b9fe0b2c0c6a8f9a2508c49678ee1be598f87d143335b6a35dc"},
    {file = "zope.interface-7.0.1.tar.gz", hash = "sha256:f0f5fda7cbf890371a59ab1d06512da4f2c89a6ea194e595808123c863c38eff"},
]

[package.dependencies]
setuptools = "*"

[package.extras]
docs = ["Sphinx", "repoze.sphinx.autointerface", "sphinx-rtd-theme"]
test = ["coverage (>=5.0.3)", "zope.event", "zope.testing"]
testing = ["coverage (>=5.0.3)", "zope.event", "zope.testing"]

[metadata]
lock-version = "2.0"
python-versions = "^3.11"
content-hash = "e31b98aeefd92f9669f8e61caee79ee1865e972adbd0d7e169b92b482c28bd79"
